DEPENDENCIES
  ark (~> 4.0.0)
  authbind (~> 0.1.10)
  build-essential (~> 8.2.1)
  chef-sugar (~> 4.1.0)
  cumulocity
    path: ../cumulocity-cookbooks/cumulocity
  cumulocity-backup-script
    path: ../cumulocity-cookbooks/cumulocity-backup-script
  cumulocity-chaos-monkey
    path: ../cumulocity-cookbooks/cumulocity-chaos-monkey
  cumulocity-filebeat
    path: ../cumulocity-cookbooks/cumulocity-filebeat
  cumulocity-kubernetes
    path: ../cumulocity-cookbooks/cumulocity-kubernetes
  cumulocity-monit
    path: ../cumulocity-cookbooks/cumulocity-monit
  cumulocity-monitoring-agent
    path: ../cumulocity-cookbooks/cumulocity-monitoring-agent
  cumulocity-opsmanager
    path: ../cumulocity-cookbooks/cumulocity-opsmanager
  cumulocity-rsyslog
    path: ../cumulocity-cookbooks/cumulocity-rsyslog
  cumulocity-ssagents
    path: ../cumulocity-cookbooks/cumulocity-ssagents
  elasticsearch-cluster (~> 0.5.6)
  graylog2 (~> 2.4.5)
  mingw (~> 2.1.0)
  sc-mongodb (~> 1.2.0)
  seven_zip (~> 3.0.0)

GRAPH
  apt (7.1.1)
  ark (4.0.0)
    build-essential (>= 0.0.0)
    seven_zip (>= 0.0.0)
  authbind (0.1.10)
  build-essential (8.2.1)
    mingw (>= 1.1)
    seven_zip (>= 0.0.0)
  chef-client (8.1.1)
    cron (>= 2.0.0)
    logrotate (>= 1.9.0)
    windows (>= 2.0.0)
  chef-sugar (4.1.0)
  chef-vault (3.0.0)
    compat_resource (>= 12.16.3)
  compat_resource (12.19.1)
  cpu (2.0.0)
  cron (6.2.1)
  cumulocity (9.20.4)
    chef-client (= 8.1.1)
    chef-vault (= 3.0.0)
    hostsfile (= 3.0.1)
    java (= 1.49.0)
    ntp (= 3.4.0)
    openssh (= 2.3.1)
    runit (= 4.0.0)
    sudo (= 4.0.0)
    swap (= 2.0.0)
    ulimit (= 0.4.0)
    users (= 5.2.2)
    yum (= 5.0.1)
  cumulocity-backup-script (9.20.3)
    yum-epel (>= 0.0.0)
  cumulocity-chaos-monkey (9.20.3)
  cumulocity-filebeat (9.20.3)
    filebeat (= 2.1.0)
  cumulocity-kubernetes (9.20.3)
    docker (~> 2.0)
    haproxy (~> 5.0.3)
    hostsfile (>= 0.0.0)
    yum (= 5.0.1)
  cumulocity-monit (9.20.3)
  cumulocity-monitoring-agent (9.20.3)
  cumulocity-opsmanager (9.20.3)
    filesystem (~> 1.0.0)
  cumulocity-rsyslog (9.20.3)
  cumulocity-ssagents (9.20.4)
  docker (2.17.0)
  elastic_repo (1.1.1)
  elasticsearch-cluster (0.5.6)
    apt (>= 0.0.0)
    java (>= 0.0.0)
    yum (>= 0.0.0)
  filebeat (2.1.0)
    elastic_repo (>= 1.1.1)
    homebrew (~> 4.2)
    runit (>= 0.0.0)
    windows (>= 0.0.0)
    yum-plugin-versionlock (>= 0.1.2)
  filesystem (1.0.0)
    lvm (>= 1.1)
  graylog2 (2.4.5)
    ark (>= 0.0.0)
    authbind (>= 0.1.8)
    java (>= 0.0.0)
  haproxy (5.0.4)
    build-essential (>= 8.0.1)
    compat_resource (>= 12.16)
    cpu (>= 0.2.0)
    poise-service (>= 1.5.1)
  homebrew (4.3.0)
  hostsfile (3.0.1)
  iptables (4.5.0)
  java (1.49.0)
    apt (>= 0.0.0)
    homebrew (>= 0.0.0)
    windows (>= 0.0.0)
  logrotate (2.2.0)
  lvm (4.5.3)
  mingw (2.1.0)
    seven_zip (>= 0.0.0)
  ntp (3.4.0)
  openssh (2.3.1)
    iptables (>= 1.0)
  packagecloud (1.0.1)
  poise (2.8.2)
  poise-service (1.5.2)
    poise (~> 2.0)
  runit (4.0.0)
    packagecloud (>= 0.0.0)
    yum-epel (>= 0.0.0)
  sc-mongodb (1.2.0)
    apt (>= 1.8.2)
    build-essential (>= 5.0.0)
    yum (>= 3.0)
  seven_zip (3.0.0)
    windows (>= 0.0.0)
  sudo (4.0.0)
  swap (2.0.0)
  ulimit (0.4.0)
  users (5.2.2)
  windows (5.2.3)
  yum (5.0.1)
  yum-epel (3.3.0)
  yum-plugin-versionlock (0.2.1)
